
Microsoft Visual Studio Solution File, Format Version 12.00
# Visual Studio Version 17
VisualStudioVersion = 17.14.36811.4 d17.14
MinimumVisualStudioVersion = 10.0.40219.1
Project("{FAE04EC0-301F-11D3-BF4B-00C04F79EFBC}") = "Aplikacija_za_finansije", "Aplikacija_za_finansije\Aplikacija_za_finansije.csproj", "{46799462-CC13-4556-B5C5-1ACDE4669741}"
EndProject
Global
	GlobalSection(SolutionConfigurationPlatforms) = preSolution
		Debug|Any CPU = Debug|Any CPU
		Release|Any CPU = Release|Any CPU
	EndGlobalSection
	GlobalSection(ProjectConfigurationPlatforms) = postSolution
		{46799462-CC13-4556-B5C5-1ACDE4669741}.Debug|Any CPU.ActiveCfg = Debug|Any CPU
		{46799462-CC13-4556-B5C5-1ACDE4669741}.Debug|Any CPU.Build.0 = Debug|Any CPU
		{46799462-CC13-4556-B5C5-1ACDE4669741}.Release|Any CPU.ActiveCfg = Release|Any CPU
		{46799462-CC13-4556-B5C5-1ACDE4669741}.Release|Any CPU.Build.0 = Release|Any CPU
	EndGlobalSection
	GlobalSection(SolutionProperties) = preSolution
		HideSolutionNode = FALSE
	EndGlobalSection
	GlobalSection(ExtensibilityGlobals) = postSolution
		SolutionGuid = {E22D204E-DB76-47E3-AAE6-369CB9AA8636}
	EndGlobalSection
EndGlobal
